
Microsoft Visual Studio Solution File, Format Version 12.00
# Visual Studio Version 16
VisualStudioVersion = 16.0.30711.63
MinimumVisualStudioVersion = 10.0.40219.1
Project("{9A19103F-16F7-4668-BE54-9A1E7A4F7556}") = "EmployeeManager.DataAccess", "EmployeeManager.DataAccess\EmployeeManager.DataAccess.csproj", "{A425173A-C3F9-4251-AFF9-7E95BD7B4BBA}"
EndProject
Project("{9A19103F-16F7-4668-BE54-9A1E7A4F7556}") = "EmployeeManager.Common", "EmployeeManager.Common\EmployeeManager.Common.csproj", "{A4D5CF54-E102-45EE-A686-030D64246202}"
EndProject
Project("{2150E333-8FDC-42A3-9474-1A3956D46DE8}") = "Libraries", "Libraries", "{DD912DD1-7B66-4245-BD63-C01207561341}"
EndProject
Project("{C7167F0D-BC9F-4E6E-AFE1-012C56B48DB5}") = "EmployeeManager.WinUI (Package)", "EmployeeManager.WinUI\EmployeeManager.WinUI (Package)\EmployeeManager.WinUI (Package).wapproj", "{50169E09-D897-43AB-AC4F-10A2DE640055}"
EndProject
Project("{FAE04EC0-301F-11D3-BF4B-00C04F79EFBC}") = "EmployeeManager.WinUI", "EmployeeManager.WinUI\EmployeeManager.WinUI\EmployeeManager.WinUI.csproj", "{4C018D23-69F0-424F-8017-AC7A0D07F26A}"
EndProject
Project("{FAE04EC0-301F-11D3-BF4B-00C04F79EFBC}") = "EmployeeManager.ViewModel", "EmployeeManager.ViewModel\EmployeeManager.ViewModel.csproj", "{D588BEB5-89B7-4A16-A5D8-42C1FE918400}"
EndProject
Project("{2150E333-8FDC-42A3-9474-1A3956D46DE8}") = "WinUI", "WinUI", "{CF574808-44D9-4A3C-9E31-00529450A08D}"
EndProject
Project("{2150E333-8FDC-42A3-9474-1A3956D46DE8}") = "WPF", "WPF", "{E055A49D-D014-4488-BEBE-C609B3D9A639}"
EndProject
Project("{FAE04EC0-301F-11D3-BF4B-00C04F79EFBC}") = "EmployeeManager.Wpf", "EmployeeManager.Wpf\EmployeeManager.Wpf.csproj", "{C17570D8-0B48-4B6A-8AE5-0718C1CAE1EC}"
EndProject
Global
	GlobalSection(SolutionConfigurationPlatforms) = preSolution
		Debug|Any CPU = Debug|Any CPU
		Debug|arm64 = Debug|arm64
		Debug|x64 = Debug|x64
		Debug|x86 = Debug|x86
		Release|Any CPU = Release|Any CPU
		Release|arm64 = Release|arm64
		Release|x64 = Release|x64
		Release|x86 = Release|x86
	EndGlobalSection
	GlobalSection(ProjectConfigurationPlatforms) = postSolution
		{A425173A-C3F9-4251-AFF9-7E95BD7B4BBA}.Debug|Any CPU.ActiveCfg = Debug|Any CPU
		{A425173A-C3F9-4251-AFF9-7E95BD7B4BBA}.Debug|Any CPU.Build.0 = Debug|Any CPU
		{A425173A-C3F9-4251-AFF9-7E95BD7B4BBA}.Debug|arm64.ActiveCfg = Debug|Any CPU
		{A425173A-C3F9-4251-AFF9-7E95BD7B4BBA}.Debug|arm64.Build.0 = Debug|Any CPU
		{A425173A-C3F9-4251-AFF9-7E95BD7B4BBA}.Debug|x64.ActiveCfg = Debug|Any CPU
		{A425173A-C3F9-4251-AFF9-7E95BD7B4BBA}.Debug|x64.Build.0 = Debug|Any CPU
		{A425173A-C3F9-4251-AFF9-7E95BD7B4BBA}.Debug|x86.ActiveCfg = Debug|Any CPU
		{A425173A-C3F9-4251-AFF9-7E95BD7B4BBA}.Debug|x86.Build.0 = Debug|Any CPU
		{A425173A-C3F9-4251-AFF9-7E95BD7B4BBA}.Release|Any CPU.ActiveCfg = Release|Any CPU
		{A425173A-C3F9-4251-AFF9-7E95BD7B4BBA}.Release|Any CPU.Build.0 = Release|Any CPU
		{A425173A-C3F9-4251-AFF9-7E95BD7B4BBA}.Release|arm64.ActiveCfg = Release|Any CPU
		{A425173A-C3F9-4251-AFF9-7E95BD7B4BBA}.Release|arm64.Build.0 = Release|Any CPU
		{A425173A-C3F9-4251-AFF9-7E95BD7B4BBA}.Release|x64.ActiveCfg = Release|Any CPU
		{A425173A-C3F9-4251-AFF9-7E95BD7B4BBA}.Release|x64.Build.0 = Release|Any CPU
		{A425173A-C3F9-4251-AFF9-7E95BD7B4BBA}.Release|x86.ActiveCfg = Release|Any CPU
		{A425173A-C3F9-4251-AFF9-7E95BD7B4BBA}.Release|x86.Build.0 = Release|Any CPU
		{A4D5CF54-E102-45EE-A686-030D64246202}.Debug|Any CPU.ActiveCfg = Debug|Any CPU
		{A4D5CF54-E102-45EE-A686-030D64246202}.Debug|Any CPU.Build.0 = Debug|Any CPU
		{A4D5CF54-E102-45EE-A686-030D64246202}.Debug|arm64.ActiveCfg = Debug|Any CPU
		{A4D5CF54-E102-45EE-A686-030D64246202}.Debug|arm64.Build.0 = Debug|Any CPU
		{A4D5CF54-E102-45EE-A686-030D64246202}.Debug|x64.ActiveCfg = Debug|Any CPU
		{A4D5CF54-E102-45EE-A686-030D64246202}.Debug|x64.Build.0 = Debug|Any CPU
		{A4D5CF54-E102-45EE-A686-030D64246202}.Debug|x86.ActiveCfg = Debug|Any CPU
		{A4D5CF54-E102-45EE-A686-030D64246202}.Debug|x86.Build.0 = Debug|Any CPU
		{A4D5CF54-E102-45EE-A686-030D64246202}.Release|Any CPU.ActiveCfg = Release|Any CPU
		{A4D5CF54-E102-45EE-A686-030D64246202}.Release|Any CPU.Build.0 = Release|Any CPU
		{A4D5CF54-E102-45EE-A686-030D64246202}.Release|arm64.ActiveCfg = Release|Any CPU
		{A4D5CF54-E102-45EE-A686-030D64246202}.Release|arm64.Build.0 = Release|Any CPU
		{A4D5CF54-E102-45EE-A686-030D64246202}.Release|x64.ActiveCfg = Release|Any CPU
		{A4D5CF54-E102-45EE-A686-030D64246202}.Release|x64.Build.0 = Release|Any CPU
		{A4D5CF54-E102-45EE-A686-030D64246202}.Release|x86.ActiveCfg = Release|Any CPU
		{A4D5CF54-E102-45EE-A686-030D64246202}.Release|x86.Build.0 = Release|Any CPU
		{50169E09-D897-43AB-AC4F-10A2DE640055}.Debug|Any CPU.ActiveCfg = Debug|x86
		{50169E09-D897-43AB-AC4F-10A2DE640055}.Debug|Any CPU.Build.0 = Debug|x86
		{50169E09-D897-43AB-AC4F-10A2DE640055}.Debug|Any CPU.Deploy.0 = Debug|x86
		{50169E09-D897-43AB-AC4F-10A2DE640055}.Debug|arm64.ActiveCfg = Debug|arm64
		{50169E09-D897-43AB-AC4F-10A2DE640055}.Debug|arm64.Build.0 = Debug|arm64
		{50169E09-D897-43AB-AC4F-10A2DE640055}.Debug|arm64.Deploy.0 = Debug|arm64
		{50169E09-D897-43AB-AC4F-10A2DE640055}.Debug|x64.ActiveCfg = Debug|x64
		{50169E09-D897-43AB-AC4F-10A2DE640055}.Debug|x64.Build.0 = Debug|x64
		{50169E09-D897-43AB-AC4F-10A2DE640055}.Debug|x64.Deploy.0 = Debug|x64
		{50169E09-D897-43AB-AC4F-10A2DE640055}.Debug|x86.ActiveCfg = Debug|x86
		{50169E09-D897-43AB-AC4F-10A2DE640055}.Debug|x86.Build.0 = Debug|x86
		{50169E09-D897-43AB-AC4F-10A2DE640055}.Debug|x86.Deploy.0 = Debug|x86
		{50169E09-D897-43AB-AC4F-10A2DE640055}.Release|Any CPU.ActiveCfg = Release|x86
		{50169E09-D897-43AB-AC4F-10A2DE640055}.Release|arm64.ActiveCfg = Release|arm64
		{50169E09-D897-43AB-AC4F-10A2DE640055}.Release|arm64.Build.0 = Release|arm64
		{50169E09-D897-43AB-AC4F-10A2DE640055}.Release|arm64.Deploy.0 = Release|arm64
		{50169E09-D897-43AB-AC4F-10A2DE640055}.Release|x64.ActiveCfg = Release|x64
		{50169E09-D897-43AB-AC4F-10A2DE640055}.Release|x64.Build.0 = Release|x64
		{50169E09-D897-43AB-AC4F-10A2DE640055}.Release|x64.Deploy.0 = Release|x64
		{50169E09-D897-43AB-AC4F-10A2DE640055}.Release|x86.ActiveCfg = Release|x86
		{50169E09-D897-43AB-AC4F-10A2DE640055}.Release|x86.Build.0 = Release|x86
		{50169E09-D897-43AB-AC4F-10A2DE640055}.Release|x86.Deploy.0 = Release|x86
		{4C018D23-69F0-424F-8017-AC7A0D07F26A}.Debug|Any CPU.ActiveCfg = Debug|x86
		{4C018D23-69F0-424F-8017-AC7A0D07F26A}.Debug|Any CPU.Build.0 = Debug|x86
		{4C018D23-69F0-424F-8017-AC7A0D07F26A}.Debug|arm64.ActiveCfg = Debug|arm64
		{4C018D23-69F0-424F-8017-AC7A0D07F26A}.Debug|arm64.Build.0 = Debug|arm64
		{4C018D23-69F0-424F-8017-AC7A0D07F26A}.Debug|x64.ActiveCfg = Debug|x64
		{4C018D23-69F0-424F-8017-AC7A0D07F26A}.Debug|x64.Build.0 = Debug|x64
		{4C018D23-69F0-424F-8017-AC7A0D07F26A}.Debug|x86.ActiveCfg = Debug|x86
		{4C018D23-69F0-424F-8017-AC7A0D07F26A}.Debug|x86.Build.0 = Debug|x86
		{4C018D23-69F0-424F-8017-AC7A0D07F26A}.Release|Any CPU.ActiveCfg = Release|x86
		{4C018D23-69F0-424F-8017-AC7A0D07F26A}.Release|arm64.ActiveCfg = Release|arm64
		{4C018D23-69F0-424F-8017-AC7A0D07F26A}.Release|arm64.Build.0 = Release|arm64
		{4C018D23-69F0-424F-8017-AC7A0D07F26A}.Release|x64.ActiveCfg = Release|x64
		{4C018D23-69F0-424F-8017-AC7A0D07F26A}.Release|x64.Build.0 = Release|x64
		{4C018D23-69F0-424F-8017-AC7A0D07F26A}.Release|x86.ActiveCfg = Release|x86
		{4C018D23-69F0-424F-8017-AC7A0D07F26A}.Release|x86.Build.0 = Release|x86
		{D588BEB5-89B7-4A16-A5D8-42C1FE918400}.Debug|Any CPU.ActiveCfg = Debug|Any CPU
		{D588BEB5-89B7-4A16-A5D8-42C1FE918400}.Debug|Any CPU.Build.0 = Debug|Any CPU
		{D588BEB5-89B7-4A16-A5D8-42C1FE918400}.Debug|arm64.ActiveCfg = Debug|Any CPU
		{D588BEB5-89B7-4A16-A5D8-42C1FE918400}.Debug|arm64.Build.0 = Debug|Any CPU
		{D588BEB5-89B7-4A16-A5D8-42C1FE918400}.Debug|x64.ActiveCfg = Debug|Any CPU
		{D588BEB5-89B7-4A16-A5D8-42C1FE918400}.Debug|x64.Build.0 = Debug|Any CPU
		{D588BEB5-89B7-4A16-A5D8-42C1FE918400}.Debug|x86.ActiveCfg = Debug|Any CPU
		{D588BEB5-89B7-4A16-A5D8-42C1FE918400}.Debug|x86.Build.0 = Debug|Any CPU
		{D588BEB5-89B7-4A16-A5D8-42C1FE918400}.Release|Any CPU.ActiveCfg = Release|Any CPU
		{D588BEB5-89B7-4A16-A5D8-42C1FE918400}.Release|Any CPU.Build.0 = Release|Any CPU
		{D588BEB5-89B7-4A16-A5D8-42C1FE918400}.Release|arm64.ActiveCfg = Release|Any CPU
		{D588BEB5-89B7-4A16-A5D8-42C1FE918400}.Release|arm64.Build.0 = Release|Any CPU
		{D588BEB5-89B7-4A16-A5D8-42C1FE918400}.Release|x64.ActiveCfg = Release|Any CPU
		{D588BEB5-89B7-4A16-A5D8-42C1FE918400}.Release|x64.Build.0 = Release|Any CPU
		{D588BEB5-89B7-4A16-A5D8-42C1FE918400}.Release|x86.ActiveCfg = Release|Any CPU
		{D588BEB5-89B7-4A16-A5D8-42C1FE918400}.Release|x86.Build.0 = Release|Any CPU
		{C17570D8-0B48-4B6A-8AE5-0718C1CAE1EC}.Debug|Any CPU.ActiveCfg = Debug|Any CPU
		{C17570D8-0B48-4B6A-8AE5-0718C1CAE1EC}.Debug|Any CPU.Build.0 = Debug|Any CPU
		{C17570D8-0B48-4B6A-8AE5-0718C1CAE1EC}.Debug|arm64.ActiveCfg = Debug|Any CPU
		{C17570D8-0B48-4B6A-8AE5-0718C1CAE1EC}.Debug|arm64.Build.0 = Debug|Any CPU
		{C17570D8-0B48-4B6A-8AE5-0718C1CAE1EC}.Debug|x64.ActiveCfg = Debug|Any CPU
		{C17570D8-0B48-4B6A-8AE5-0718C1CAE1EC}.Debug|x64.Build.0 = Debug|Any CPU
		{C17570D8-0B48-4B6A-8AE5-0718C1CAE1EC}.Debug|x86.ActiveCfg = Debug|Any CPU
		{C17570D8-0B48-4B6A-8AE5-0718C1CAE1EC}.Debug|x86.Build.0 = Debug|Any CPU
		{C17570D8-0B48-4B6A-8AE5-0718C1CAE1EC}.Release|Any CPU.ActiveCfg = Release|Any CPU
		{C17570D8-0B48-4B6A-8AE5-0718C1CAE1EC}.Release|Any CPU.Build.0 = Release|Any CPU
		{C17570D8-0B48-4B6A-8AE5-0718C1CAE1EC}.Release|arm64.ActiveCfg = Release|Any CPU
		{C17570D8-0B48-4B6A-8AE5-0718C1CAE1EC}.Release|arm64.Build.0 = Release|Any CPU
		{C17570D8-0B48-4B6A-8AE5-0718C1CAE1EC}.Release|x64.ActiveCfg = Release|Any CPU
		{C17570D8-0B48-4B6A-8AE5-0718C1CAE1EC}.Release|x64.Build.0 = Release|Any CPU
		{C17570D8-0B48-4B6A-8AE5-0718C1CAE1EC}.Release|x86.ActiveCfg = Release|Any CPU
		{C17570D8-0B48-4B6A-8AE5-0718C1CAE1EC}.Release|x86.Build.0 = Release|Any CPU
	EndGlobalSection
	GlobalSection(SolutionProperties) = preSolution
		HideSolutionNode = FALSE
	EndGlobalSection
	GlobalSection(NestedProjects) = preSolution
		{A425173A-C3F9-4251-AFF9-7E95BD7B4BBA} = {DD912DD1-7B66-4245-BD63-C01207561341}
		{A4D5CF54-E102-45EE-A686-030D64246202} = {DD912DD1-7B66-4245-BD63-C01207561341}
		{50169E09-D897-43AB-AC4F-10A2DE640055} = {CF574808-44D9-4A3C-9E31-00529450A08D}
		{4C018D23-69F0-424F-8017-AC7A0D07F26A} = {CF574808-44D9-4A3C-9E31-00529450A08D}
		{D588BEB5-89B7-4A16-A5D8-42C1FE918400} = {DD912DD1-7B66-4245-BD63-C01207561341}
		{C17570D8-0B48-4B6A-8AE5-0718C1CAE1EC} = {E055A49D-D014-4488-BEBE-C609B3D9A639}
	EndGlobalSection
	GlobalSection(ExtensibilityGlobals) = postSolution
		SolutionGuid = {8D719E33-FCFD-4644-95C9-2842C22D405F}
	EndGlobalSection
EndGlobal
